// !$*UTF8*$!
{
	archiveVersion = 1;
	classes = {
	};
	objectVersion = 55;
	objects = {

/* Begin PBXBuildFile section */
		DB27381F2823028800E9B0E8 /* MailView.swift in Sources */ = {isa = PBXBuildFile; fileRef = DB27381E2823028800E9B0E8 /* MailView.swift */; };
		DB2738212823094300E9B0E8 /* MailRowView.swift in Sources */ = {isa = PBXBuildFile; fileRef = DB2738202823094300E9B0E8 /* MailRowView.swift */; };
		DB609D58282160AD0001F6C4 /* sixthChallengeApp.swift in Sources */ = {isa = PBXBuildFile; fileRef = DB609D57282160AD0001F6C4 /* sixthChallengeApp.swift */; };
		DB609D5C282160B00001F6C4 /* Assets.xcassets in Resources */ = {isa = PBXBuildFile; fileRef = DB609D5B282160B00001F6C4 /* Assets.xcassets */; };
		DB609D5F282160B00001F6C4 /* Preview Assets.xcassets in Resources */ = {isa = PBXBuildFile; fileRef = DB609D5E282160B00001F6C4 /* Preview Assets.xcassets */; };
		DB609D67282167C90001F6C4 /* Mailbox.swift in Sources */ = {isa = PBXBuildFile; fileRef = DB609D66282167C90001F6C4 /* Mailbox.swift */; };
		DB6869A52822DEFF0093FB24 /* HomeViewModel.swift in Sources */ = {isa = PBXBuildFile; fileRef = DB6869A42822DEFF0093FB24 /* HomeViewModel.swift */; };
		DB6869A82822DFBD0093FB24 /* MailListViewModel.swift in Sources */ = {isa = PBXBuildFile; fileRef = DB6869A72822DFBD0093FB24 /* MailListViewModel.swift */; };
		DBCB48CE2822C49E0022BDC7 /* HomeView.swift in Sources */ = {isa = PBXBuildFile; fileRef = DBCB48CD2822C49E0022BDC7 /* HomeView.swift */; };
		DBCB48D22822C61E0022BDC7 /* MailBoxRowView.swift in Sources */ = {isa = PBXBuildFile; fileRef = DBCB48D12822C61E0022BDC7 /* MailBoxRowView.swift */; };
		DBCB48D52822C9E70022BDC7 /* Extensions.swift in Sources */ = {isa = PBXBuildFile; fileRef = DBCB48D42822C9E70022BDC7 /* Extensions.swift */; };
		DBCB48D72822CBB10022BDC7 /* SectionView.swift in Sources */ = {isa = PBXBuildFile; fileRef = DBCB48D62822CBB10022BDC7 /* SectionView.swift */; };
		DBCB48D92822D0480022BDC7 /* CalendarView.swift in Sources */ = {isa = PBXBuildFile; fileRef = DBCB48D82822D0480022BDC7 /* CalendarView.swift */; };
		DBCB48DB2822D06A0022BDC7 /* LastSyncView.swift in Sources */ = {isa = PBXBuildFile; fileRef = DBCB48DA2822D06A0022BDC7 /* LastSyncView.swift */; };
		DBCBE2212822E96600F4404A /* MailListView.swift in Sources */ = {isa = PBXBuildFile; fileRef = DBCBE2202822E96600F4404A /* MailListView.swift */; };
		DBCBE2232822F03900F4404A /* Mail.swift in Sources */ = {isa = PBXBuildFile; fileRef = DBCBE2222822F03900F4404A /* Mail.swift */; };
		DBCBE2252822F9C200F4404A /* EmptyView.swift in Sources */ = {isa = PBXBuildFile; fileRef = DBCBE2242822F9C200F4404A /* EmptyView.swift */; };
/* End PBXBuildFile section */

/* Begin PBXFileReference section */
		DB27381E2823028800E9B0E8 /* MailView.swift */ = {isa = PBXFileReference; lastKnownFileType = sourcecode.swift; path = MailView.swift; sourceTree = "<group>"; };
		DB2738202823094300E9B0E8 /* MailRowView.swift */ = {isa = PBXFileReference; lastKnownFileType = sourcecode.swift; path = MailRowView.swift; sourceTree = "<group>"; };
		DB609D54282160AD0001F6C4 /* sixthChallenge.app */ = {isa = PBXFileReference; explicitFileType = wrapper.application; includeInIndex = 0; path = sixthChallenge.app; sourceTree = BUILT_PRODUCTS_DIR; };
		DB609D57282160AD0001F6C4 /* sixthChallengeApp.swift */ = {isa = PBXFileReference; lastKnownFileType = sourcecode.swift; path = sixthChallengeApp.swift; sourceTree = "<group>"; };
		DB609D5B282160B00001F6C4 /* Assets.xcassets */ = {isa = PBXFileReference; lastKnownFileType = folder.assetcatalog; path = Assets.xcassets; sourceTree = "<group>"; };
		DB609D5E282160B00001F6C4 /* Preview Assets.xcassets */ = {isa = PBXFileReference; lastKnownFileType = folder.assetcatalog; path = "Preview Assets.xcassets"; sourceTree = "<group>"; };
		DB609D66282167C90001F6C4 /* Mailbox.swift */ = {isa = PBXFileReference; lastKnownFileType = sourcecode.swift; path = Mailbox.swift; sourceTree = "<group>"; };
		DB6869A42822DEFF0093FB24 /* HomeViewModel.swift */ = {isa = PBXFileReference; lastKnownFileType = sourcecode.swift; path = HomeViewModel.swift; sourceTree = "<group>"; };
		DB6869A72822DFBD0093FB24 /* MailListViewModel.swift */ = {isa = PBXFileReference; lastKnownFileType = sourcecode.swift; path = MailListViewModel.swift; sourceTree = "<group>"; };
		DBCB48CD2822C49E0022BDC7 /* HomeView.swift */ = {isa = PBXFileReference; lastKnownFileType = sourcecode.swift; path = HomeView.swift; sourceTree = "<group>"; };
		DBCB48D12822C61E0022BDC7 /* MailBoxRowView.swift */ = {isa = PBXFileReference; lastKnownFileType = sourcecode.swift; path = MailBoxRowView.swift; sourceTree = "<group>"; };
		DBCB48D42822C9E70022BDC7 /* Extensions.swift */ = {isa = PBXFileReference; lastKnownFileType = sourcecode.swift; path = Extensions.swift; sourceTree = "<group>"; };
		DBCB48D62822CBB10022BDC7 /* SectionView.swift */ = {isa = PBXFileReference; lastKnownFileType = sourcecode.swift; path = SectionView.swift; sourceTree = "<group>"; };
		DBCB48D82822D0480022BDC7 /* CalendarView.swift */ = {isa = PBXFileReference; lastKnownFileType = sourcecode.swift; path = CalendarView.swift; sourceTree = "<group>"; };
		DBCB48DA2822D06A0022BDC7 /* LastSyncView.swift */ = {isa = PBXFileReference; lastKnownFileType = sourcecode.swift; path = LastSyncView.swift; sourceTree = "<group>"; };
		DBCBE2202822E96600F4404A /* MailListView.swift */ = {isa = PBXFileReference; lastKnownFileType = sourcecode.swift; path = MailListView.swift; sourceTree = "<group>"; };
		DBCBE2222822F03900F4404A /* Mail.swift */ = {isa = PBXFileReference; lastKnownFileType = sourcecode.swift; path = Mail.swift; sourceTree = "<group>"; };
		DBCBE2242822F9C200F4404A /* EmptyView.swift */ = {isa = PBXFileReference; lastKnownFileType = sourcecode.swift; path = EmptyView.swift; sourceTree = "<group>"; };
/* End PBXFileReference section */

/* Begin PBXFrameworksBuildPhase section */
		DB609D51282160AD0001F6C4 /* Frameworks */ = {
			isa = PBXFrameworksBuildPhase;
			buildActionMask = 2147483647;
			files = (
			);
			runOnlyForDeploymentPostprocessing = 0;
		};
/* End PBXFrameworksBuildPhase section */

/* Begin PBXGroup section */
		DB609D4B282160AD0001F6C4 = {
			isa = PBXGroup;
			children = (
				DB609D56282160AD0001F6C4 /* sixthChallenge */,
				DB609D55282160AD0001F6C4 /* Products */,
			);
			sourceTree = "<group>";
		};
		DB609D55282160AD0001F6C4 /* Products */ = {
			isa = PBXGroup;
			children = (
				DB609D54282160AD0001F6C4 /* sixthChallenge.app */,
			);
			name = Products;
			sourceTree = "<group>";
		};
		DB609D56282160AD0001F6C4 /* sixthChallenge */ = {
			isa = PBXGroup;
			children = (
				DBCB48D32822C9CB0022BDC7 /* Extensions */,
				DBCB48C92822C3DD0022BDC7 /* View */,
				DB609D65282167BA0001F6C4 /* Model */,
				DB609D57282160AD0001F6C4 /* sixthChallengeApp.swift */,
				DB609D5B282160B00001F6C4 /* Assets.xcassets */,
				DB609D5D282160B00001F6C4 /* Preview Content */,
			);
			path = sixthChallenge;
			sourceTree = "<group>";
		};
		DB609D5D282160B00001F6C4 /* Preview Content */ = {
			isa = PBXGroup;
			children = (
				DB609D5E282160B00001F6C4 /* Preview Assets.xcassets */,
			);
			path = "Preview Content";
			sourceTree = "<group>";
		};
		DB609D65282167BA0001F6C4 /* Model */ = {
			isa = PBXGroup;
			children = (
				DB609D66282167C90001F6C4 /* Mailbox.swift */,
				DBCBE2222822F03900F4404A /* Mail.swift */,
			);
			path = Model;
			sourceTree = "<group>";
		};
		DB6869A62822DFA90093FB24 /* MailList */ = {
			isa = PBXGroup;
			children = (
				DB6869A72822DFBD0093FB24 /* MailListViewModel.swift */,
				DBCBE2202822E96600F4404A /* MailListView.swift */,
			);
			path = MailList;
			sourceTree = "<group>";
		};
		DBCB48C92822C3DD0022BDC7 /* View */ = {
			isa = PBXGroup;
			children = (
				DBCB48CB2822C4760022BDC7 /* Shared */,
				DBCB48CA2822C3F20022BDC7 /* Screens */,
			);
			path = View;
			sourceTree = "<group>";
		};
		DBCB48CA2822C3F20022BDC7 /* Screens */ = {
			isa = PBXGroup;
			children = (
				DBCBE2262823024900F4404A /* Mail */,
				DB6869A62822DFA90093FB24 /* MailList */,
				DBCB48CC2822C4810022BDC7 /* Home */,
			);
			path = Screens;
			sourceTree = "<group>";
		};
		DBCB48CB2822C4760022BDC7 /* Shared */ = {
			isa = PBXGroup;
			children = (
				DBCB48D12822C61E0022BDC7 /* MailBoxRowView.swift */,
				DBCB48D62822CBB10022BDC7 /* SectionView.swift */,
				DBCB48D82822D0480022BDC7 /* CalendarView.swift */,
				DBCB48DA2822D06A0022BDC7 /* LastSyncView.swift */,
				DBCBE2242822F9C200F4404A /* EmptyView.swift */,
				DB2738202823094300E9B0E8 /* MailRowView.swift */,
			);
			path = Shared;
			sourceTree = "<group>";
		};
		DBCB48CC2822C4810022BDC7 /* Home */ = {
			isa = PBXGroup;
			children = (
				DBCB48CD2822C49E0022BDC7 /* HomeView.swift */,
				DB6869A42822DEFF0093FB24 /* HomeViewModel.swift */,
			);
			path = Home;
			sourceTree = "<group>";
		};
		DBCB48D32822C9CB0022BDC7 /* Extensions */ = {
			isa = PBXGroup;
			children = (
				DBCB48D42822C9E70022BDC7 /* Extensions.swift */,
			);
			path = Extensions;
			sourceTree = "<group>";
		};
		DBCBE2262823024900F4404A /* Mail */ = {
			isa = PBXGroup;
			children = (
				DB27381E2823028800E9B0E8 /* MailView.swift */,
			);
			path = Mail;
			sourceTree = "<group>";
		};
/* End PBXGroup section */

/* Begin PBXNativeTarget section */
		DB609D53282160AD0001F6C4 /* sixthChallenge */ = {
			isa = PBXNativeTarget;
			buildConfigurationList = DB609D62282160B00001F6C4 /* Build configuration list for PBXNativeTarget "sixthChallenge" */;
			buildPhases = (
				DB609D50282160AD0001F6C4 /* Sources */,
				DB609D51282160AD0001F6C4 /* Frameworks */,
				DB609D52282160AD0001F6C4 /* Resources */,
			);
			buildRules = (
			);
			dependencies = (
			);
			name = sixthChallenge;
			productName = sixthChallenge;
			productReference = DB609D54282160AD0001F6C4 /* sixthChallenge.app */;
			productType = "com.apple.product-type.application";
		};
/* End PBXNativeTarget section */

/* Begin PBXProject section */
		DB609D4C282160AD0001F6C4 /* Project object */ = {
			isa = PBXProject;
			attributes = {
				BuildIndependentTargetsInParallel = 1;
				LastSwiftUpdateCheck = 1330;
				LastUpgradeCheck = 1330;
				TargetAttributes = {
					DB609D53282160AD0001F6C4 = {
						CreatedOnToolsVersion = 13.3.1;
					};
				};
			};
			buildConfigurationList = DB609D4F282160AD0001F6C4 /* Build configuration list for PBXProject "sixthChallenge" */;
			compatibilityVersion = "Xcode 13.0";
			developmentRegion = en;
			hasScannedForEncodings = 0;
			knownRegions = (
				en,
				Base,
			);
			mainGroup = DB609D4B282160AD0001F6C4;
			productRefGroup = DB609D55282160AD0001F6C4 /* Products */;
			projectDirPath = "";
			projectRoot = "";
			targets = (
				DB609D53282160AD0001F6C4 /* sixthChallenge */,
			);
		};
/* End PBXProject section */

/* Begin PBXResourcesBuildPhase section */
		DB609D52282160AD0001F6C4 /* Resources */ = {
			isa = PBXResourcesBuildPhase;
			buildActionMask = 2147483647;
			files = (
				DB609D5F282160B00001F6C4 /* Preview Assets.xcassets in Resources */,
				DB609D5C282160B00001F6C4 /* Assets.xcassets in Resources */,
			);
			runOnlyForDeploymentPostprocessing = 0;
		};
/* End PBXResourcesBuildPhase section */

/* Begin PBXSourcesBuildPhase section */
		DB609D50282160AD0001F6C4 /* Sources */ = {
			isa = PBXSourcesBuildPhase;
			buildActionMask = 2147483647;
			files = (
				DBCBE2232822F03900F4404A /* Mail.swift in Sources */,
				DBCBE2252822F9C200F4404A /* EmptyView.swift in Sources */,
				DBCB48D52822C9E70022BDC7 /* Extensions.swift in Sources */,
				DB6869A52822DEFF0093FB24 /* HomeViewModel.swift in Sources */,
				DBCB48DB2822D06A0022BDC7 /* LastSyncView.swift in Sources */,
				DB27381F2823028800E9B0E8 /* MailView.swift in Sources */,
				DB6869A82822DFBD0093FB24 /* MailListViewModel.swift in Sources */,
				DBCBE2212822E96600F4404A /* MailListView.swift in Sources */,
				DB2738212823094300E9B0E8 /* MailRowView.swift in Sources */,
				DBCB48D92822D0480022BDC7 /* CalendarView.swift in Sources */,
				DBCB48CE2822C49E0022BDC7 /* HomeView.swift in Sources */,
				DBCB48D72822CBB10022BDC7 /* SectionView.swift in Sources */,
				DB609D67282167C90001F6C4 /* Mailbox.swift in Sources */,
				DBCB48D22822C61E0022BDC7 /* MailBoxRowView.swift in Sources */,
				DB609D58282160AD0001F6C4 /* sixthChallengeApp.swift in Sources */,
			);
			runOnlyForDeploymentPostprocessing = 0;
		};
/* End PBXSourcesBuildPhase section */

/* Begin XCBuildConfiguration section */
		DB609D60282160B00001F6C4 /* Debug */ = {
			isa = XCBuildConfiguration;
			buildSettings = {
				ALWAYS_SEARCH_USER_PATHS = NO;
				CLANG_ANALYZER_NONNULL = YES;
				CLANG_ANALYZER_NUMBER_OBJECT_CONVERSION = YES_AGGRESSIVE;
				CLANG_CXX_LANGUAGE_STANDARD = "gnu++17";
				CLANG_ENABLE_MODULES = YES;
				CLANG_ENABLE_OBJC_ARC = YES;
				CLANG_ENABLE_OBJC_WEAK = YES;
				CLANG_WARN_BLOCK_CAPTURE_AUTORELEASING = YES;
				CLANG_WARN_BOOL_CONVERSION = YES;
				CLANG_WARN_COMMA = YES;
				CLANG_WARN_CONSTANT_CONVERSION = YES;
				CLANG_WARN_DEPRECATED_OBJC_IMPLEMENTATIONS = YES;
				CLANG_WARN_DIRECT_OBJC_ISA_USAGE = YES_ERROR;
				CLANG_WARN_DOCUMENTATION_COMMENTS = YES;
				CLANG_WARN_EMPTY_BODY = YES;
				CLANG_WARN_ENUM_CONVERSION = YES;
				CLANG_WARN_INFINITE_RECURSION = YES;
				CLANG_WARN_INT_CONVERSION = YES;
				CLANG_WARN_NON_LITERAL_NULL_CONVERSION = YES;
				CLANG_WARN_OBJC_IMPLICIT_RETAIN_SELF = YES;
				CLANG_WARN_OBJC_LITERAL_CONVERSION = YES;
				CLANG_WARN_OBJC_ROOT_CLASS = YES_ERROR;
				CLANG_WARN_QUOTED_INCLUDE_IN_FRAMEWORK_HEADER = YES;
				CLANG_WARN_RANGE_LOOP_ANALYSIS = YES;
				CLANG_WARN_STRICT_PROTOTYPES = YES;
				CLANG_WARN_SUSPICIOUS_MOVE = YES;
				CLANG_WARN_UNGUARDED_AVAILABILITY = YES_AGGRESSIVE;
				CLANG_WARN_UNREACHABLE_CODE = YES;
				CLANG_WARN__DUPLICATE_METHOD_MATCH = YES;
				COPY_PHASE_STRIP = NO;
				DEBUG_INFORMATION_FORMAT = dwarf;
				ENABLE_STRICT_OBJC_MSGSEND = YES;
				ENABLE_TESTABILITY = YES;
				GCC_C_LANGUAGE_STANDARD = gnu11;
				GCC_DYNAMIC_NO_PIC = NO;
				GCC_NO_COMMON_BLOCKS = YES;
				GCC_OPTIMIZATION_LEVEL = 0;
				GCC_PREPROCESSOR_DEFINITIONS = (
					"DEBUG=1",
					"$(inherited)",
				);
				GCC_WARN_64_TO_32_BIT_CONVERSION = YES;
				GCC_WARN_ABOUT_RETURN_TYPE = YES_ERROR;
				GCC_WARN_UNDECLARED_SELECTOR = YES;
				GCC_WARN_UNINITIALIZED_AUTOS = YES_AGGRESSIVE;
				GCC_WARN_UNUSED_FUNCTION = YES;
				GCC_WARN_UNUSED_VARIABLE = YES;
				IPHONEOS_DEPLOYMENT_TARGET = 15.4;
				MTL_ENABLE_DEBUG_INFO = INCLUDE_SOURCE;
				MTL_FAST_MATH = YES;
				ONLY_ACTIVE_ARCH = YES;
				SDKROOT = iphoneos;
				SWIFT_ACTIVE_COMPILATION_CONDITIONS = DEBUG;
				SWIFT_OPTIMIZATION_LEVEL = "-Onone";
			};
			name = Debug;
		};
		DB609D61282160B00001F6C4 /* Release */ = {
			isa = XCBuildConfiguration;
			buildSettings = {
				ALWAYS_SEARCH_USER_PATHS = NO;
				CLANG_ANALYZER_NONNULL = YES;
				CLANG_ANALYZER_NUMBER_OBJECT_CONVERSION = YES_AGGRESSIVE;
				CLANG_CXX_LANGUAGE_STANDARD = "gnu++17";
				CLANG_ENABLE_MODULES = YES;
				CLANG_ENABLE_OBJC_ARC = YES;
				CLANG_ENABLE_OBJC_WEAK = YES;
				CLANG_WARN_BLOCK_CAPTURE_AUTORELEASING = YES;
				CLANG_WARN_BOOL_CONVERSION = YES;
				CLANG_WARN_COMMA = YES;
				CLANG_WARN_CONSTANT_CONVERSION = YES;
				CLANG_WARN_DEPRECATED_OBJC_IMPLEMENTATIONS = YES;
				CLANG_WARN_DIRECT_OBJC_ISA_USAGE = YES_ERROR;
				CLANG_WARN_DOCUMENTATION_COMMENTS = YES;
				CLANG_WARN_EMPTY_BODY = YES;
				CLANG_WARN_ENUM_CONVERSION = YES;
				CLANG_WARN_INFINITE_RECURSION = YES;
				CLANG_WARN_INT_CONVERSION = YES;
				CLANG_WARN_NON_LITERAL_NULL_CONVERSION = YES;
				CLANG_WARN_OBJC_IMPLICIT_RETAIN_SELF = YES;
				CLANG_WARN_OBJC_LITERAL_CONVERSION = YES;
				CLANG_WARN_OBJC_ROOT_CLASS = YES_ERROR;
				CLANG_WARN_QUOTED_INCLUDE_IN_FRAMEWORK_HEADER = YES;
				CLANG_WARN_RANGE_LOOP_ANALYSIS = YES;
				CLANG_WARN_STRICT_PROTOTYPES = YES;
				CLANG_WARN_SUSPICIOUS_MOVE = YES;
				CLANG_WARN_UNGUARDED_AVAILABILITY = YES_AGGRESSIVE;
				CLANG_WARN_UNREACHABLE_CODE = YES;
				CLANG_WARN__DUPLICATE_METHOD_MATCH = YES;
				COPY_PHASE_STRIP = NO;
				DEBUG_INFORMATION_FORMAT = "dwarf-with-dsym";
				ENABLE_NS_ASSERTIONS = NO;
				ENABLE_STRICT_OBJC_MSGSEND = YES;
				GCC_C_LANGUAGE_STANDARD = gnu11;
				GCC_NO_COMMON_BLOCKS = YES;
				GCC_WARN_64_TO_32_BIT_CONVERSION = YES;
				GCC_WARN_ABOUT_RETURN_TYPE = YES_ERROR;
				GCC_WARN_UNDECLARED_SELECTOR = YES;
				GCC_WARN_UNINITIALIZED_AUTOS = YES_AGGRESSIVE;
				GCC_WARN_UNUSED_FUNCTION = YES;
				GCC_WARN_UNUSED_VARIABLE = YES;
				IPHONEOS_DEPLOYMENT_TARGET = 15.4;
				MTL_ENABLE_DEBUG_INFO = NO;
				MTL_FAST_MATH = YES;
				SDKROOT = iphoneos;
				SWIFT_COMPILATION_MODE = wholemodule;
				SWIFT_OPTIMIZATION_LEVEL = "-O";
				VALIDATE_PRODUCT = YES;
			};
			name = Release;
		};
		DB609D63282160B00001F6C4 /* Debug */ = {
			isa = XCBuildConfiguration;
			buildSettings = {
				ASSETCATALOG_COMPILER_APPICON_NAME = AppIcon;
				ASSETCATALOG_COMPILER_GLOBAL_ACCENT_COLOR_NAME = AccentColor;
				CODE_SIGN_STYLE = Automatic;
				CURRENT_PROJECT_VERSION = 1;
				DEVELOPMENT_ASSET_PATHS = "\"sixthChallenge/Preview Content\"";
				DEVELOPMENT_TEAM = RRJWX5S3D9;
				ENABLE_PREVIEWS = YES;
				GENERATE_INFOPLIST_FILE = YES;
				INFOPLIST_KEY_UIApplicationSceneManifest_Generation = YES;
				INFOPLIST_KEY_UIApplicationSupportsIndirectInputEvents = YES;
				INFOPLIST_KEY_UILaunchScreen_Generation = YES;
				INFOPLIST_KEY_UISupportedInterfaceOrientations_iPad = "UIInterfaceOrientationPortrait UIInterfaceOrientationPortraitUpsideDown UIInterfaceOrientationLandscapeLeft UIInterfaceOrientationLandscapeRight";
				INFOPLIST_KEY_UISupportedInterfaceOrientations_iPhone = "UIInterfaceOrientationPortrait UIInterfaceOrientationLandscapeLeft UIInterfaceOrientationLandscapeRight";
				LD_RUNPATH_SEARCH_PATHS = (
					"$(inherited)",
					"@executable_path/Frameworks",
				);
				MARKETING_VERSION = 1.0;
				PRODUCT_BUNDLE_IDENTIFIER = com.brunonascimento.sixthChallenge;
				PRODUCT_NAME = "$(TARGET_NAME)";
				SWIFT_EMIT_LOC_STRINGS = YES;
				SWIFT_VERSION = 5.0;
				TARGETED_DEVICE_FAMILY = "1,2";
			};
			name = Debug;
		};
		DB609D64282160B00001F6C4 /* Release */ = {
			isa = XCBuildConfiguration;
			buildSettings = {
				ASSETCATALOG_COMPILER_APPICON_NAME = AppIcon;
				ASSETCATALOG_COMPILER_GLOBAL_ACCENT_COLOR_NAME = AccentColor;
				CODE_SIGN_STYLE = Automatic;
				CURRENT_PROJECT_VERSION = 1;
				DEVELOPMENT_ASSET_PATHS = "\"sixthChallenge/Preview Content\"";
				DEVELOPMENT_TEAM = RRJWX5S3D9;
				ENABLE_PREVIEWS = YES;
				GENERATE_INFOPLIST_FILE = YES;
				INFOPLIST_KEY_UIApplicationSceneManifest_Generation = YES;
				INFOPLIST_KEY_UIApplicationSupportsIndirectInputEvents = YES;
				INFOPLIST_KEY_UILaunchScreen_Generation = YES;
				INFOPLIST_KEY_UISupportedInterfaceOrientations_iPad = "UIInterfaceOrientationPortrait UIInterfaceOrientationPortraitUpsideDown UIInterfaceOrientationLandscapeLeft UIInterfaceOrientationLandscapeRight";
				INFOPLIST_KEY_UISupportedInterfaceOrientations_iPhone = "UIInterfaceOrientationPortrait UIInterfaceOrientationLandscapeLeft UIInterfaceOrientationLandscapeRight";
				LD_RUNPATH_SEARCH_PATHS = (
					"$(inherited)",
					"@executable_path/Frameworks",
				);
				MARKETING_VERSION = 1.0;
				PRODUCT_BUNDLE_IDENTIFIER = com.brunonascimento.sixthChallenge;
				PRODUCT_NAME = "$(TARGET_NAME)";
				SWIFT_EMIT_LOC_STRINGS = YES;
				SWIFT_VERSION = 5.0;
				TARGETED_DEVICE_FAMILY = "1,2";
			};
			name = Release;
		};
/* End XCBuildConfiguration section */

/* Begin XCConfigurationList section */
		DB609D4F282160AD0001F6C4 /* Build configuration list for PBXProject "sixthChallenge" */ = {
			isa = XCConfigurationList;
			buildConfigurations = (
				DB609D60282160B00001F6C4 /* Debug */,
				DB609D61282160B00001F6C4 /* Release */,
			);
			defaultConfigurationIsVisible = 0;
			defaultConfigurationName = Release;
		};
		DB609D62282160B00001F6C4 /* Build configuration list for PBXNativeTarget "sixthChallenge" */ = {
			isa = XCConfigurationList;
			buildConfigurations = (
				DB609D63282160B00001F6C4 /* Debug */,
				DB609D64282160B00001F6C4 /* Release */,
			);
			defaultConfigurationIsVisible = 0;
			defaultConfigurationName = Release;
		};
/* End XCConfigurationList section */
	};
	rootObject = DB609D4C282160AD0001F6C4 /* Project object */;
}
